
Microsoft Visual Studio Solution File, Format Version 12.00
# Visual Studio Version 16
VisualStudioVersion = 16.0.32228.343
MinimumVisualStudioVersion = 10.0.40219.1
Project("{9A19103F-16F7-4668-BE54-9A1E7A4F7556}") = "Cotizaciones-BackEnd", "Cotizaciones-BackEnd\Cotizaciones-BackEnd.csproj", "{587A923C-B399-4F5B-9F48-201A7BD56E84}"
EndProject
Project("{9A19103F-16F7-4668-BE54-9A1E7A4F7556}") = "contrato", "contrato\contrato.csproj", "{BC280DB7-8612-4F55-8585-1005DA872018}"
EndProject
Project("{9A19103F-16F7-4668-BE54-9A1E7A4F7556}") = "dominio", "dominio\dominio.csproj", "{1E5386BF-A3A9-4158-A31E-E6B4946A39AE}"
EndProject
Project("{9A19103F-16F7-4668-BE54-9A1E7A4F7556}") = "servicio", "servicio\servicio.csproj", "{ACE29391-75AB-424C-8F79-8451202BFAA2}"
EndProject
Global
	GlobalSection(SolutionConfigurationPlatforms) = preSolution
		Debug|Any CPU = Debug|Any CPU
		Debug|x64 = Debug|x64
		Release|Any CPU = Release|Any CPU
		Release|x64 = Release|x64
	EndGlobalSection
	GlobalSection(ProjectConfigurationPlatforms) = postSolution
		{587A923C-B399-4F5B-9F48-201A7BD56E84}.Debug|Any CPU.ActiveCfg = Debug|Any CPU
		{587A923C-B399-4F5B-9F48-201A7BD56E84}.Debug|Any CPU.Build.0 = Debug|Any CPU
		{587A923C-B399-4F5B-9F48-201A7BD56E84}.Debug|x64.ActiveCfg = Debug|Any CPU
		{587A923C-B399-4F5B-9F48-201A7BD56E84}.Debug|x64.Build.0 = Debug|Any CPU
		{587A923C-B399-4F5B-9F48-201A7BD56E84}.Release|Any CPU.ActiveCfg = Release|Any CPU
		{587A923C-B399-4F5B-9F48-201A7BD56E84}.Release|Any CPU.Build.0 = Release|Any CPU
		{587A923C-B399-4F5B-9F48-201A7BD56E84}.Release|x64.ActiveCfg = Release|Any CPU
		{587A923C-B399-4F5B-9F48-201A7BD56E84}.Release|x64.Build.0 = Release|Any CPU
		{BC280DB7-8612-4F55-8585-1005DA872018}.Debug|Any CPU.ActiveCfg = Debug|Any CPU
		{BC280DB7-8612-4F55-8585-1005DA872018}.Debug|Any CPU.Build.0 = Debug|Any CPU
		{BC280DB7-8612-4F55-8585-1005DA872018}.Debug|x64.ActiveCfg = Debug|x64
		{BC280DB7-8612-4F55-8585-1005DA872018}.Debug|x64.Build.0 = Debug|x64
		{BC280DB7-8612-4F55-8585-1005DA872018}.Release|Any CPU.ActiveCfg = Release|Any CPU
		{BC280DB7-8612-4F55-8585-1005DA872018}.Release|Any CPU.Build.0 = Release|Any CPU
		{BC280DB7-8612-4F55-8585-1005DA872018}.Release|x64.ActiveCfg = Release|x64
		{BC280DB7-8612-4F55-8585-1005DA872018}.Release|x64.Build.0 = Release|x64
		{1E5386BF-A3A9-4158-A31E-E6B4946A39AE}.Debug|Any CPU.ActiveCfg = Debug|Any CPU
		{1E5386BF-A3A9-4158-A31E-E6B4946A39AE}.Debug|Any CPU.Build.0 = Debug|Any CPU
		{1E5386BF-A3A9-4158-A31E-E6B4946A39AE}.Debug|x64.ActiveCfg = Debug|x64
		{1E5386BF-A3A9-4158-A31E-E6B4946A39AE}.Debug|x64.Build.0 = Debug|x64
		{1E5386BF-A3A9-4158-A31E-E6B4946A39AE}.Release|Any CPU.ActiveCfg = Release|Any CPU
		{1E5386BF-A3A9-4158-A31E-E6B4946A39AE}.Release|Any CPU.Build.0 = Release|Any CPU
		{1E5386BF-A3A9-4158-A31E-E6B4946A39AE}.Release|x64.ActiveCfg = Release|x64
		{1E5386BF-A3A9-4158-A31E-E6B4946A39AE}.Release|x64.Build.0 = Release|x64
		{ACE29391-75AB-424C-8F79-8451202BFAA2}.Debug|Any CPU.ActiveCfg = Debug|Any CPU
		{ACE29391-75AB-424C-8F79-8451202BFAA2}.Debug|Any CPU.Build.0 = Debug|Any CPU
		{ACE29391-75AB-424C-8F79-8451202BFAA2}.Debug|x64.ActiveCfg = Debug|x64
		{ACE29391-75AB-424C-8F79-8451202BFAA2}.Debug|x64.Build.0 = Debug|x64
		{ACE29391-75AB-424C-8F79-8451202BFAA2}.Release|Any CPU.ActiveCfg = Release|Any CPU
		{ACE29391-75AB-424C-8F79-8451202BFAA2}.Release|Any CPU.Build.0 = Release|Any CPU
		{ACE29391-75AB-424C-8F79-8451202BFAA2}.Release|x64.ActiveCfg = Release|x64
		{ACE29391-75AB-424C-8F79-8451202BFAA2}.Release|x64.Build.0 = Release|x64
	EndGlobalSection
	GlobalSection(SolutionProperties) = preSolution
		HideSolutionNode = FALSE
	EndGlobalSection
	GlobalSection(ExtensibilityGlobals) = postSolution
		SolutionGuid = {85A5C859-225E-4728-B61C-942B0715E0C8}
	EndGlobalSection
EndGlobal
